
Microsoft Visual Studio Solution File, Format Version 12.00
# Visual Studio Version 16
VisualStudioVersion = 16.0.29613.14
MinimumVisualStudioVersion = 10.0.40219.1
Project("{FAE04EC0-301F-11D3-BF4B-00C04F79EFBC}") = "Strcoll", "Strcoll.csproj", "{82552146-4AB0-4C40-8730-9FB5400F5207}"
EndProject
Global
	GlobalSection(SolutionConfigurationPlatforms) = preSolution
		Debug|Any CPU = Debug|Any CPU
		Release|Any CPU = Release|Any CPU
	EndGlobalSection
	GlobalSection(ProjectConfigurationPlatforms) = postSolution
		{82552146-4AB0-4C40-8730-9FB5400F5207}.Debug|Any CPU.ActiveCfg = Debug|Any CPU
		{82552146-4AB0-4C40-8730-9FB5400F5207}.Debug|Any CPU.Build.0 = Debug|Any CPU
		{82552146-4AB0-4C40-8730-9FB5400F5207}.Release|Any CPU.ActiveCfg = Release|Any CPU
		{82552146-4AB0-4C40-8730-9FB5400F5207}.Release|Any CPU.Build.0 = Release|Any CPU
	EndGlobalSection
	GlobalSection(SolutionProperties) = preSolution
		HideSolutionNode = FALSE
	EndGlobalSection
	GlobalSection(ExtensibilityGlobals) = postSolution
		SolutionGuid = {177A95A4-0ADE-48CC-AAFD-FD2AF10BC6F2}
	EndGlobalSection
EndGlobal
